
Microsoft Visual Studio Solution File, Format Version 12.00
# Visual Studio Version 16
VisualStudioVersion = 16.0.32002.261
MinimumVisualStudioVersion = 10.0.40219.1
Project("{FAE04EC0-301F-11D3-BF4B-00C04F79EFBC}") = "JankenGame", "JankenGame.csproj", "{93F6186A-BCB8-4996-BFC3-31B90E1008CD}"
EndProject
Global
	GlobalSection(SolutionConfigurationPlatforms) = preSolution
		Debug|Any CPU = Debug|Any CPU
		Release|Any CPU = Release|Any CPU
	EndGlobalSection
	GlobalSection(ProjectConfigurationPlatforms) = postSolution
		{93F6186A-BCB8-4996-BFC3-31B90E1008CD}.Debug|Any CPU.ActiveCfg = Debug|Any CPU
		{93F6186A-BCB8-4996-BFC3-31B90E1008CD}.Debug|Any CPU.Build.0 = Debug|Any CPU
		{93F6186A-BCB8-4996-BFC3-31B90E1008CD}.Release|Any CPU.ActiveCfg = Release|Any CPU
		{93F6186A-BCB8-4996-BFC3-31B90E1008CD}.Release|Any CPU.Build.0 = Release|Any CPU
	EndGlobalSection
	GlobalSection(SolutionProperties) = preSolution
		HideSolutionNode = FALSE
	EndGlobalSection
	GlobalSection(ExtensibilityGlobals) = postSolution
		SolutionGuid = {197D7DA8-9E21-4A9D-A912-DC63CF55A09C}
	EndGlobalSection
EndGlobal
